
Microsoft Visual Studio Solution File, Format Version 12.00
# Visual Studio Version 16
VisualStudioVersion = 16.0.29424.173
MinimumVisualStudioVersion = 10.0.40219.1
Project("{FAE04EC0-301F-11D3-BF4B-00C04F79EFBC}") = "BL", "BL\BL.csproj", "{372114B4-8800-46E7-B2FD-B0E8FF6FCBEE}"
EndProject
Project("{FAE04EC0-301F-11D3-BF4B-00C04F79EFBC}") = "UI", "UI\UI.csproj", "{A85DD3B3-7901-4F82-8CF1-908A5E9870EF}"
EndProject
Project("{FAE04EC0-301F-11D3-BF4B-00C04F79EFBC}") = "DAL", "DAL\DAL.csproj", "{FC95D7F8-D389-4D1A-8995-40B74C6757A4}"
EndProject
Project("{FAE04EC0-301F-11D3-BF4B-00C04F79EFBC}") = "BE", "BE\BE.csproj", "{C9AAEFB8-F866-4807-985A-0CEA18E8A4CE}"
EndProject
Global
	GlobalSection(SolutionConfigurationPlatforms) = preSolution
		Debug|Any CPU = Debug|Any CPU
		Release|Any CPU = Release|Any CPU
	EndGlobalSection
	GlobalSection(ProjectConfigurationPlatforms) = postSolution
		{372114B4-8800-46E7-B2FD-B0E8FF6FCBEE}.Debug|Any CPU.ActiveCfg = Debug|Any CPU
		{372114B4-8800-46E7-B2FD-B0E8FF6FCBEE}.Debug|Any CPU.Build.0 = Debug|Any CPU
		{372114B4-8800-46E7-B2FD-B0E8FF6FCBEE}.Release|Any CPU.ActiveCfg = Release|Any CPU
		{372114B4-8800-46E7-B2FD-B0E8FF6FCBEE}.Release|Any CPU.Build.0 = Release|Any CPU
		{A85DD3B3-7901-4F82-8CF1-908A5E9870EF}.Debug|Any CPU.ActiveCfg = Debug|Any CPU
		{A85DD3B3-7901-4F82-8CF1-908A5E9870EF}.Debug|Any CPU.Build.0 = Debug|Any CPU
		{A85DD3B3-7901-4F82-8CF1-908A5E9870EF}.Release|Any CPU.ActiveCfg = Release|Any CPU
		{A85DD3B3-7901-4F82-8CF1-908A5E9870EF}.Release|Any CPU.Build.0 = Release|Any CPU
		{FC95D7F8-D389-4D1A-8995-40B74C6757A4}.Debug|Any CPU.ActiveCfg = Debug|Any CPU
		{FC95D7F8-D389-4D1A-8995-40B74C6757A4}.Debug|Any CPU.Build.0 = Debug|Any CPU
		{FC95D7F8-D389-4D1A-8995-40B74C6757A4}.Release|Any CPU.ActiveCfg = Release|Any CPU
		{FC95D7F8-D389-4D1A-8995-40B74C6757A4}.Release|Any CPU.Build.0 = Release|Any CPU
		{C9AAEFB8-F866-4807-985A-0CEA18E8A4CE}.Debug|Any CPU.ActiveCfg = Debug|Any CPU
		{C9AAEFB8-F866-4807-985A-0CEA18E8A4CE}.Debug|Any CPU.Build.0 = Debug|Any CPU
		{C9AAEFB8-F866-4807-985A-0CEA18E8A4CE}.Release|Any CPU.ActiveCfg = Release|Any CPU
		{C9AAEFB8-F866-4807-985A-0CEA18E8A4CE}.Release|Any CPU.Build.0 = Release|Any CPU
	EndGlobalSection
	GlobalSection(SolutionProperties) = preSolution
		HideSolutionNode = FALSE
	EndGlobalSection
	GlobalSection(ExtensibilityGlobals) = postSolution
		SolutionGuid = {13A80F39-2F6B-406B-9DC1-22AC6782CA33}
	EndGlobalSection
EndGlobal
